
Microsoft Visual Studio Solution File, Format Version 12.00
# Visual Studio Version 18
VisualStudioVersion = 18.4.11626.88
MinimumVisualStudioVersion = 10.0.40219.1
Project("{FAE04EC0-301F-11D3-BF4B-00C04F79EFBC}") = "Api.Tests", "Api.Tests\Api.Tests.csproj", "{57FD6328-5C5F-499D-8D86-C34696B0F019}"
	ProjectSection(ProjectDependencies) = postProject
		{7C092108-24AC-410B-BC24-0B996E6EE613} = {7C092108-24AC-410B-BC24-0B996E6EE613}
		{A1F6328D-2699-44BF-AF8B-A9120BD97EF9} = {A1F6328D-2699-44BF-AF8B-A9120BD97EF9}
		{C137AA33-6461-4672-A9BA-E718805E374C} = {C137AA33-6461-4672-A9BA-E718805E374C}
		{D606A314-0D2D-4365-920B-A149C7FD3969} = {D606A314-0D2D-4365-920B-A149C7FD3969}
		{EDE5A287-A37A-48D8-B1F6-FAD6778A7E6F} = {EDE5A287-A37A-48D8-B1F6-FAD6778A7E6F}
	EndProjectSection
EndProject
Project("{FAE04EC0-301F-11D3-BF4B-00C04F79EFBC}") = "Api.Services", "Api.Services\Api.Services.csproj", "{A1F6328D-2699-44BF-AF8B-A9120BD97EF9}"
	ProjectSection(ProjectDependencies) = postProject
		{D606A314-0D2D-4365-920B-A149C7FD3969} = {D606A314-0D2D-4365-920B-A149C7FD3969}
		{EDE5A287-A37A-48D8-B1F6-FAD6778A7E6F} = {EDE5A287-A37A-48D8-B1F6-FAD6778A7E6F}
	EndProjectSection
EndProject
Project("{FAE04EC0-301F-11D3-BF4B-00C04F79EFBC}") = "Models", "Models\Models.csproj", "{EDE5A287-A37A-48D8-B1F6-FAD6778A7E6F}"
EndProject
Project("{FAE04EC0-301F-11D3-BF4B-00C04F79EFBC}") = "Configuration", "Configuration\Configuration.csproj", "{7C092108-24AC-410B-BC24-0B996E6EE613}"
EndProject
Project("{FAE04EC0-301F-11D3-BF4B-00C04F79EFBC}") = "Tests.Tools", "Tests.Tools\Tests.Tools.csproj", "{D606A314-0D2D-4365-920B-A149C7FD3969}"
EndProject
Project("{FAE04EC0-301F-11D3-BF4B-00C04F79EFBC}") = "Tests.Data", "Tests.Data\Tests.Data.csproj", "{C137AA33-6461-4672-A9BA-E718805E374C}"
	ProjectSection(ProjectDependencies) = postProject
		{EDE5A287-A37A-48D8-B1F6-FAD6778A7E6F} = {EDE5A287-A37A-48D8-B1F6-FAD6778A7E6F}
	EndProjectSection
EndProject
Project("{FAE04EC0-301F-11D3-BF4B-00C04F79EFBC}") = "UI.Tests", "UI.Tests\UI.Tests.csproj", "{83A7EDBD-2720-41E7-B9DE-24D27EB51459}"
EndProject
Project("{FAE04EC0-301F-11D3-BF4B-00C04F79EFBC}") = "UI.Framework", "UI.Framework\UI.Framework.csproj", "{76B4DC9B-9287-4E03-8FE0-764F5E59CDEE}"
EndProject
Project("{FAE04EC0-301F-11D3-BF4B-00C04F79EFBC}") = "UI.Apps", "UI.Apps\UI.Apps.csproj", "{3EA8DFE6-AE76-4839-B2F8-973CDDB63F2F}"
EndProject
Project("{FAE04EC0-301F-11D3-BF4B-00C04F79EFBC}") = "Logging", "Logging\Logging.csproj", "{D99CFB6B-A5D1-4539-BF9A-58A5D45C53BF}"
EndProject
Global
	GlobalSection(SolutionConfigurationPlatforms) = preSolution
		Debug|Any CPU = Debug|Any CPU
		Release|Any CPU = Release|Any CPU
	EndGlobalSection
	GlobalSection(ProjectConfigurationPlatforms) = postSolution
		{57FD6328-5C5F-499D-8D86-C34696B0F019}.Debug|Any CPU.ActiveCfg = Debug|Any CPU
		{57FD6328-5C5F-499D-8D86-C34696B0F019}.Debug|Any CPU.Build.0 = Debug|Any CPU
		{57FD6328-5C5F-499D-8D86-C34696B0F019}.Release|Any CPU.ActiveCfg = Release|Any CPU
		{57FD6328-5C5F-499D-8D86-C34696B0F019}.Release|Any CPU.Build.0 = Release|Any CPU
		{A1F6328D-2699-44BF-AF8B-A9120BD97EF9}.Debug|Any CPU.ActiveCfg = Debug|Any CPU
		{A1F6328D-2699-44BF-AF8B-A9120BD97EF9}.Debug|Any CPU.Build.0 = Debug|Any CPU
		{A1F6328D-2699-44BF-AF8B-A9120BD97EF9}.Release|Any CPU.ActiveCfg = Release|Any CPU
		{A1F6328D-2699-44BF-AF8B-A9120BD97EF9}.Release|Any CPU.Build.0 = Release|Any CPU
		{EDE5A287-A37A-48D8-B1F6-FAD6778A7E6F}.Debug|Any CPU.ActiveCfg = Debug|Any CPU
		{EDE5A287-A37A-48D8-B1F6-FAD6778A7E6F}.Debug|Any CPU.Build.0 = Debug|Any CPU
		{EDE5A287-A37A-48D8-B1F6-FAD6778A7E6F}.Release|Any CPU.ActiveCfg = Release|Any CPU
		{EDE5A287-A37A-48D8-B1F6-FAD6778A7E6F}.Release|Any CPU.Build.0 = Release|Any CPU
		{7C092108-24AC-410B-BC24-0B996E6EE613}.Debug|Any CPU.ActiveCfg = Debug|Any CPU
		{7C092108-24AC-410B-BC24-0B996E6EE613}.Debug|Any CPU.Build.0 = Debug|Any CPU
		{7C092108-24AC-410B-BC24-0B996E6EE613}.Release|Any CPU.ActiveCfg = Release|Any CPU
		{7C092108-24AC-410B-BC24-0B996E6EE613}.Release|Any CPU.Build.0 = Release|Any CPU
		{D606A314-0D2D-4365-920B-A149C7FD3969}.Debug|Any CPU.ActiveCfg = Debug|Any CPU
		{D606A314-0D2D-4365-920B-A149C7FD3969}.Debug|Any CPU.Build.0 = Debug|Any CPU
		{D606A314-0D2D-4365-920B-A149C7FD3969}.Release|Any CPU.ActiveCfg = Release|Any CPU
		{D606A314-0D2D-4365-920B-A149C7FD3969}.Release|Any CPU.Build.0 = Release|Any CPU
		{C137AA33-6461-4672-A9BA-E718805E374C}.Debug|Any CPU.ActiveCfg = Debug|Any CPU
		{C137AA33-6461-4672-A9BA-E718805E374C}.Debug|Any CPU.Build.0 = Debug|Any CPU
		{C137AA33-6461-4672-A9BA-E718805E374C}.Release|Any CPU.ActiveCfg = Release|Any CPU
		{C137AA33-6461-4672-A9BA-E718805E374C}.Release|Any CPU.Build.0 = Release|Any CPU
		{83A7EDBD-2720-41E7-B9DE-24D27EB51459}.Debug|Any CPU.ActiveCfg = Debug|Any CPU
		{83A7EDBD-2720-41E7-B9DE-24D27EB51459}.Debug|Any CPU.Build.0 = Debug|Any CPU
		{83A7EDBD-2720-41E7-B9DE-24D27EB51459}.Release|Any CPU.ActiveCfg = Release|Any CPU
		{83A7EDBD-2720-41E7-B9DE-24D27EB51459}.Release|Any CPU.Build.0 = Release|Any CPU
		{76B4DC9B-9287-4E03-8FE0-764F5E59CDEE}.Debug|Any CPU.ActiveCfg = Debug|Any CPU
		{76B4DC9B-9287-4E03-8FE0-764F5E59CDEE}.Debug|Any CPU.Build.0 = Debug|Any CPU
		{76B4DC9B-9287-4E03-8FE0-764F5E59CDEE}.Release|Any CPU.ActiveCfg = Release|Any CPU
		{76B4DC9B-9287-4E03-8FE0-764F5E59CDEE}.Release|Any CPU.Build.0 = Release|Any CPU
		{3EA8DFE6-AE76-4839-B2F8-973CDDB63F2F}.Debug|Any CPU.ActiveCfg = Debug|Any CPU
		{3EA8DFE6-AE76-4839-B2F8-973CDDB63F2F}.Debug|Any CPU.Build.0 = Debug|Any CPU
		{3EA8DFE6-AE76-4839-B2F8-973CDDB63F2F}.Release|Any CPU.ActiveCfg = Release|Any CPU
		{3EA8DFE6-AE76-4839-B2F8-973CDDB63F2F}.Release|Any CPU.Build.0 = Release|Any CPU
		{D99CFB6B-A5D1-4539-BF9A-58A5D45C53BF}.Debug|Any CPU.ActiveCfg = Debug|Any CPU
		{D99CFB6B-A5D1-4539-BF9A-58A5D45C53BF}.Debug|Any CPU.Build.0 = Debug|Any CPU
		{D99CFB6B-A5D1-4539-BF9A-58A5D45C53BF}.Release|Any CPU.ActiveCfg = Release|Any CPU
		{D99CFB6B-A5D1-4539-BF9A-58A5D45C53BF}.Release|Any CPU.Build.0 = Release|Any CPU
	EndGlobalSection
	GlobalSection(SolutionProperties) = preSolution
		HideSolutionNode = FALSE
	EndGlobalSection
	GlobalSection(ExtensibilityGlobals) = postSolution
		SolutionGuid = {288E6E19-3097-4234-87A6-85BA22159154}
	EndGlobalSection
EndGlobal
